{
    "name": "chris_homepage",
    "version": "1.0.0",
    "lockfileVersion": 3,
    "requires": true,
    "packages": {
        "": {
            "name": "chris_homepage",
            "version": "1.0.0",
            "dependencies": {
                "react": "^19.2.0",
                "react-dom": "^19.2.0"
            },
            "devDependencies": {
                "@types/node": "^24.10.1",
                "@types/react": "^19.2.6",
                "@types/react-dom": "^19.2.3",
                "typescript": "^5.9.3"
            }
        },
        "node_modules/@types/node": {
            "version": "24.10.1",
            "resolved": "https://registry.npmjs.org/@types/node/-/node-24.10.1.tgz",
            "integrity": "sha512-GNWcUTRBgIRJD5zj+Tq0fKOJ5XZajIiBroOF0yvj2bSU1WvNdYS/dn9UxwsujGW4JX06dnHyjV2y9rRaybH0iQ==",
            "dev": true,
            "license": "MIT",
            "dependencies": {
                "undici-types": "~7.16.0"
            }
        },
        "node_modules/@types/react": {
            "version": "19.2.6",
            "resolved": "https://registry.npmjs.org/@types/react/-/react-19.2.6.tgz",
            "integrity": "sha512-p/jUvulfgU7oKtj6Xpk8cA2Y1xKTtICGpJYeJXz2YVO2UcvjQgeRMLDGfDeqeRW2Ta+0QNFwcc8X3GH8SxZz6w==",
            "dev": true,
            "license": "MIT",
            "peer": true,
            "dependencies": {
                "csstype": "^3.2.2"
            }
        },
        "node_modules/@types/react-dom": {
            "version": "19.2.3",
            "resolved": "https://registry.npmjs.org/@types/react-dom/-/react-dom-19.2.3.tgz",
            "integrity": "sha512-jp2L/eY6fn+KgVVQAOqYItbF0VY/YApe5Mz2F0aykSO8gx31bYCZyvSeYxCHKvzHG5eZjc+zyaS5BrBWya2+kQ==",
            "dev": true,
            "license": "MIT",
            "peerDependencies": {
                "@types/react": "^19.2.0"
            }
        },
        "node_modules/csstype": {
            "version": "3.2.3",
            "resolved": "https://registry.npmjs.org/csstype/-/csstype-3.2.3.tgz",
            "integrity": "sha512-z1HGKcYy2xA8AGQfwrn0PAy+PB7X/GSj3UVJW9qKyn43xWa+gl5nXmU4qqLMRzWVLFC8KusUX8T/0kCiOYpAIQ==",
            "dev": true,
            "license": "MIT"
        },
        "node_modules/react": {
            "version": "19.2.0",
            "resolved": "https://registry.npmjs.org/react/-/react-19.2.0.tgz",
            "integrity": "sha512-tmbWg6W31tQLeB5cdIBOicJDJRR2KzXsV7uSK9iNfLWQ5bIZfxuPEHp7M8wiHyHnn0DD1i7w3Zmin0FtkrwoCQ==",
            "license": "MIT",
            "peer": true,
            "engines": {
                "node": ">=0.10.0"
            }
        },
        "node_modules/react-dom": {
            "version": "19.2.0",
            "resolved": "https://registry.npmjs.org/react-dom/-/react-dom-19.2.0.tgz",
            "integrity": "sha512-UlbRu4cAiGaIewkPyiRGJk0imDN2T3JjieT6spoL2UeSf5od4n5LB/mQ4ejmxhCFT1tYe8IvaFulzynWovsEFQ==",
            "license": "MIT",
            "dependencies": {
                "scheduler": "^0.27.0"
            },
            "peerDependencies": {
                "react": "^19.2.0"
            }
        },
        "node_modules/scheduler": {
            "version": "0.27.0",
            "resolved": "https://registry.npmjs.org/scheduler/-/scheduler-0.27.0.tgz",
            "integrity": "sha512-eNv+WrVbKu1f3vbYJT/xtiF5syA5HPIMtf9IgY/nKg0sWqzAUEvqY/xm7OcZc/qafLx/iO9FgOmeSAp4v5ti/Q==",
            "license": "MIT"
        },
        "node_modules/typescript": {
            "version": "5.9.3",
            "resolved": "https://registry.npmjs.org/typescript/-/typescript-5.9.3.tgz",
            "integrity": "sha512-jl1vZzPDinLr9eUt3J/t7V6FgNEw9QjvBPdysz9KfQDD41fQrC2Y4vKQdiaUpFT4bXlb1RHhLpp8wtm6M5TgSw==",
            "dev": true,
            "license": "Apache-2.0",
            "bin": {
                "tsc": "bin/tsc",
                "tsserver": "bin/tsserver"
            },
            "engines": {
                "node": ">=14.17"
            }
        },
        "node_modules/undici-types": {
            "version": "7.16.0",
            "resolved": "https://registry.npmjs.org/undici-types/-/undici-types-7.16.0.tgz",
            "integrity": "sha512-Zz+aZWSj8LE6zoxD+xrjh4VfkIG8Ya6LvYkZqtUQGJPZjYl53ypCaUwWqo7eI0x66KBGeRo+mlBEkMSeSZ38Nw==",
            "dev": true,
            "license": "MIT"
        }
    }
}
